
Microsoft Visual Studio Solution File, Format Version 12.00
# Visual Studio Version 17
VisualStudioVersion = 17.8.34525.116
MinimumVisualStudioVersion = 10.0.40219.1
Project("{8BC9CEB8-8B4A-11D0-8D11-00A0C91BC942}") = "NGP", "NGP\NGP.vcxproj", "{BCC3E041-A8FF-4C20-B2BE-1E7C4F1D042E}"
EndProject
Global
	GlobalSection(SolutionConfigurationPlatforms) = preSolution
		Debug|x64 = Debug|x64
		Debug|x86 = Debug|x86
		Release|x64 = Release|x64
		Release|x86 = Release|x86
	EndGlobalSection
	GlobalSection(ProjectConfigurationPlatforms) = postSolution
		{BCC3E041-A8FF-4C20-B2BE-1E7C4F1D042E}.Debug|x64.ActiveCfg = Debug|x64
		{BCC3E041-A8FF-4C20-B2BE-1E7C4F1D042E}.Debug|x64.Build.0 = Debug|x64
		{BCC3E041-A8FF-4C20-B2BE-1E7C4F1D042E}.Debug|x86.ActiveCfg = Debug|Win32
		{BCC3E041-A8FF-4C20-B2BE-1E7C4F1D042E}.Debug|x86.Build.0 = Debug|Win32
		{BCC3E041-A8FF-4C20-B2BE-1E7C4F1D042E}.Release|x64.ActiveCfg = Release|x64
		{BCC3E041-A8FF-4C20-B2BE-1E7C4F1D042E}.Release|x64.Build.0 = Release|x64
		{BCC3E041-A8FF-4C20-B2BE-1E7C4F1D042E}.Release|x86.ActiveCfg = Release|Win32
		{BCC3E041-A8FF-4C20-B2BE-1E7C4F1D042E}.Release|x86.Build.0 = Release|Win32
	EndGlobalSection
	GlobalSection(SolutionProperties) = preSolution
		HideSolutionNode = FALSE
	EndGlobalSection
	GlobalSection(ExtensibilityGlobals) = postSolution
		SolutionGuid = {9071698B-B92E-4C7D-AD1B-49805870F1F4}
	EndGlobalSection
EndGlobal
